// !$*UTF8*$!
{
	archiveVersion = 1;
	classes = {
	};
	objectVersion = 46;
	objects = {

/* Begin PBXBuildFile section */
		49C1C6BE1E14FB7600450B4F /* AppDelegate.m in Sources */ = {isa = PBXBuildFile; fileRef = 49C1C6BD1E14FB7600450B4F /* AppDelegate.m */; };
		49C1C6C11E14FB7600450B4F /* main.m in Sources */ = {isa = PBXBuildFile; fileRef = 49C1C6C01E14FB7600450B4F /* main.m */; };
		49C1C6C41E14FB7600450B4F /* ViewController.m in Sources */ = {isa = PBXBuildFile; fileRef = 49C1C6C31E14FB7600450B4F /* ViewController.m */; };
		49C1C6C61E14FB7600450B4F /* Assets.xcassets in Resources */ = {isa = PBXBuildFile; fileRef = 49C1C6C51E14FB7600450B4F /* Assets.xcassets */; };
		49C1C6C91E14FB7600450B4F /* Main.storyboard in Resources */ = {isa = PBXBuildFile; fileRef = 49C1C6C71E14FB7600450B4F /* Main.storyboard */; };
		49C1C6D31E14FBD000450B4F /* PopWindowController.m in Sources */ = {isa = PBXBuildFile; fileRef = 49C1C6D11E14FBD000450B4F /* PopWindowController.m */; };
		49C1C6D41E14FBD000450B4F /* PopWindowController.xib in Resources */ = {isa = PBXBuildFile; fileRef = 49C1C6D21E14FBD000450B4F /* PopWindowController.xib */; };
/* End PBXBuildFile section */

/* Begin PBXFileReference section */
		49C1C6B91E14FB7600450B4F /* TestStausWindow.app */ = {isa = PBXFileReference; explicitFileType = wrapper.application; includeInIndex = 0; path = TestStausWindow.app; sourceTree = BUILT_PRODUCTS_DIR; };
		49C1C6BC1E14FB7600450B4F /* AppDelegate.h */ = {isa = PBXFileReference; lastKnownFileType = sourcecode.c.h; path = AppDelegate.h; sourceTree = "<group>"; };
		49C1C6BD1E14FB7600450B4F /* AppDelegate.m */ = {isa = PBXFileReference; lastKnownFileType = sourcecode.c.objc; path = AppDelegate.m; sourceTree = "<group>"; };
		49C1C6C01E14FB7600450B4F /* main.m */ = {isa = PBXFileReference; lastKnownFileType = sourcecode.c.objc; path = main.m; sourceTree = "<group>"; };
		49C1C6C21E14FB7600450B4F /* ViewController.h */ = {isa = PBXFileReference; lastKnownFileType = sourcecode.c.h; path = ViewController.h; sourceTree = "<group>"; };
		49C1C6C31E14FB7600450B4F /* ViewController.m */ = {isa = PBXFileReference; lastKnownFileType = sourcecode.c.objc; path = ViewController.m; sourceTree = "<group>"; };
		49C1C6C51E14FB7600450B4F /* Assets.xcassets */ = {isa = PBXFileReference; lastKnownFileType = folder.assetcatalog; path = Assets.xcassets; sourceTree = "<group>"; };
		49C1C6C81E14FB7600450B4F /* Base */ = {isa = PBXFileReference; lastKnownFileType = file.storyboard; name = Base; path = Base.lproj/Main.storyboard; sourceTree = "<group>"; };
		49C1C6CA1E14FB7600450B4F /* Info.plist */ = {isa = PBXFileReference; lastKnownFileType = text.plist.xml; path = Info.plist; sourceTree = "<group>"; };
		49C1C6D01E14FBD000450B4F /* PopWindowController.h */ = {isa = PBXFileReference; fileEncoding = 4; lastKnownFileType = sourcecode.c.h; path = PopWindowController.h; sourceTree = "<group>"; };
		49C1C6D11E14FBD000450B4F /* PopWindowController.m */ = {isa = PBXFileReference; fileEncoding = 4; lastKnownFileType = sourcecode.c.objc; path = PopWindowController.m; sourceTree = "<group>"; };
		49C1C6D21E14FBD000450B4F /* PopWindowController.xib */ = {isa = PBXFileReference; fileEncoding = 4; lastKnownFileType = file.xib; path = PopWindowController.xib; sourceTree = "<group>"; };
/* End PBXFileReference section */

/* Begin PBXFrameworksBuildPhase section */
		49C1C6B61E14FB7600450B4F /* Frameworks */ = {
			isa = PBXFrameworksBuildPhase;
			buildActionMask = 2147483647;
			files = (
			);
			runOnlyForDeploymentPostprocessing = 0;
		};
/* End PBXFrameworksBuildPhase section */

/* Begin PBXGroup section */
		49C1C6B01E14FB7600450B4F = {
			isa = PBXGroup;
			children = (
				49C1C6BB1E14FB7600450B4F /* TestStausWindow */,
				49C1C6BA1E14FB7600450B4F /* Products */,
			);
			sourceTree = "<group>";
		};
		49C1C6BA1E14FB7600450B4F /* Products */ = {
			isa = PBXGroup;
			children = (
				49C1C6B91E14FB7600450B4F /* TestStausWindow.app */,
			);
			name = Products;
			sourceTree = "<group>";
		};
		49C1C6BB1E14FB7600450B4F /* TestStausWindow */ = {
			isa = PBXGroup;
			children = (
				49C1C6BC1E14FB7600450B4F /* AppDelegate.h */,
				49C1C6BD1E14FB7600450B4F /* AppDelegate.m */,
				49C1C6C21E14FB7600450B4F /* ViewController.h */,
				49C1C6C31E14FB7600450B4F /* ViewController.m */,
				49C1C6C51E14FB7600450B4F /* Assets.xcassets */,
				49C1C6C71E14FB7600450B4F /* Main.storyboard */,
				49C1C6CA1E14FB7600450B4F /* Info.plist */,
				49C1C6BF1E14FB7600450B4F /* Supporting Files */,
				49C1C6D01E14FBD000450B4F /* PopWindowController.h */,
				49C1C6D11E14FBD000450B4F /* PopWindowController.m */,
				49C1C6D21E14FBD000450B4F /* PopWindowController.xib */,
			);
			path = TestStausWindow;
			sourceTree = "<group>";
		};
		49C1C6BF1E14FB7600450B4F /* Supporting Files */ = {
			isa = PBXGroup;
			children = (
				49C1C6C01E14FB7600450B4F /* main.m */,
			);
			name = "Supporting Files";
			sourceTree = "<group>";
		};
/* End PBXGroup section */

/* Begin PBXNativeTarget section */
		49C1C6B81E14FB7600450B4F /* TestStausWindow */ = {
			isa = PBXNativeTarget;
			buildConfigurationList = 49C1C6CD1E14FB7600450B4F /* Build configuration list for PBXNativeTarget "TestStausWindow" */;
			buildPhases = (
				49C1C6B51E14FB7600450B4F /* Sources */,
				49C1C6B61E14FB7600450B4F /* Frameworks */,
				49C1C6B71E14FB7600450B4F /* Resources */,
			);
			buildRules = (
			);
			dependencies = (
			);
			name = TestStausWindow;
			productName = TestStausWindow;
			productReference = 49C1C6B91E14FB7600450B4F /* TestStausWindow.app */;
			productType = "com.apple.product-type.application";
		};
/* End PBXNativeTarget section */

/* Begin PBXProject section */
		49C1C6B11E14FB7600450B4F /* Project object */ = {
			isa = PBXProject;
			attributes = {
				LastUpgradeCheck = 0820;
				ORGANIZATIONNAME = Melody5417;
				TargetAttributes = {
					49C1C6B81E14FB7600450B4F = {
						CreatedOnToolsVersion = 8.2.1;
						ProvisioningStyle = Automatic;
					};
				};
			};
			buildConfigurationList = 49C1C6B41E14FB7600450B4F /* Build configuration list for PBXProject "TestStausWindow" */;
			compatibilityVersion = "Xcode 3.2";
			developmentRegion = English;
			hasScannedForEncodings = 0;
			knownRegions = (
				en,
				Base,
			);
			mainGroup = 49C1C6B01E14FB7600450B4F;
			productRefGroup = 49C1C6BA1E14FB7600450B4F /* Products */;
			projectDirPath = "";
			projectRoot = "";
			targets = (
				49C1C6B81E14FB7600450B4F /* TestStausWindow */,
			);
		};
/* End PBXProject section */

/* Begin PBXResourcesBuildPhase section */
		49C1C6B71E14FB7600450B4F /* Resources */ = {
			isa = PBXResourcesBuildPhase;
			buildActionMask = 2147483647;
			files = (
				49C1C6C61E14FB7600450B4F /* Assets.xcassets in Resources */,
				49C1C6D41E14FBD000450B4F /* PopWindowController.xib in Resources */,
				49C1C6C91E14FB7600450B4F /* Main.storyboard in Resources */,
			);
			runOnlyForDeploymentPostprocessing = 0;
		};
/* End PBXResourcesBuildPhase section */

/* Begin PBXSourcesBuildPhase section */
		49C1C6B51E14FB7600450B4F /* Sources */ = {
			isa = PBXSourcesBuildPhase;
			buildActionMask = 2147483647;
			files = (
				49C1C6C41E14FB7600450B4F /* ViewController.m in Sources */,
				49C1C6C11E14FB7600450B4F /* main.m in Sources */,
				49C1C6BE1E14FB7600450B4F /* AppDelegate.m in Sources */,
				49C1C6D31E14FBD000450B4F /* PopWindowController.m in Sources */,
			);
			runOnlyForDeploymentPostprocessing = 0;
		};
/* End PBXSourcesBuildPhase section */

/* Begin PBXVariantGroup section */
		49C1C6C71E14FB7600450B4F /* Main.storyboard */ = {
			isa = PBXVariantGroup;
			children = (
				49C1C6C81E14FB7600450B4F /* Base */,
			);
			name = Main.storyboard;
			sourceTree = "<group>";
		};
/* End PBXVariantGroup section */

/* Begin XCBuildConfiguration section */
		49C1C6CB1E14FB7600450B4F /* Debug */ = {
			isa = XCBuildConfiguration;
			buildSettings = {
				ALWAYS_SEARCH_USER_PATHS = NO;
				CLANG_ANALYZER_NONNULL = YES;
				CLANG_CXX_LANGUAGE_STANDARD = "gnu++0x";
				CLANG_CXX_LIBRARY = "libc++";
				CLANG_ENABLE_MODULES = YES;
				CLANG_ENABLE_OBJC_ARC = YES;
				CLANG_WARN_BOOL_CONVERSION = YES;
				CLANG_WARN_CONSTANT_CONVERSION = YES;
				CLANG_WARN_DIRECT_OBJC_ISA_USAGE = YES_ERROR;
				CLANG_WARN_DOCUMENTATION_COMMENTS = YES;
				CLANG_WARN_EMPTY_BODY = YES;
				CLANG_WARN_ENUM_CONVERSION = YES;
				CLANG_WARN_INFINITE_RECURSION = YES;
				CLANG_WARN_INT_CONVERSION = YES;
				CLANG_WARN_OBJC_ROOT_CLASS = YES_ERROR;
				CLANG_WARN_SUSPICIOUS_MOVE = YES;
				CLANG_WARN_UNREACHABLE_CODE = YES;
				CLANG_WARN__DUPLICATE_METHOD_MATCH = YES;
				CODE_SIGN_IDENTITY = "-";
				COPY_PHASE_STRIP = NO;
				DEBUG_INFORMATION_FORMAT = dwarf;
				ENABLE_STRICT_OBJC_MSGSEND = YES;
				ENABLE_TESTABILITY = YES;
				GCC_C_LANGUAGE_STANDARD = gnu99;
				GCC_DYNAMIC_NO_PIC = NO;
				GCC_NO_COMMON_BLOCKS = YES;
				GCC_OPTIMIZATION_LEVEL = 0;
				GCC_PREPROCESSOR_DEFINITIONS = (
					"DEBUG=1",
					"$(inherited)",
				);
				GCC_WARN_64_TO_32_BIT_CONVERSION = YES;
				GCC_WARN_ABOUT_RETURN_TYPE = YES_ERROR;
				GCC_WARN_UNDECLARED_SELECTOR = YES;
				GCC_WARN_UNINITIALIZED_AUTOS = YES_AGGRESSIVE;
				GCC_WARN_UNUSED_FUNCTION = YES;
				GCC_WARN_UNUSED_VARIABLE = YES;
				MACOSX_DEPLOYMENT_TARGET = 10.12;
				MTL_ENABLE_DEBUG_INFO = YES;
				ONLY_ACTIVE_ARCH = YES;
				SDKROOT = macosx;
			};
			name = Debug;
		};
		49C1C6CC1E14FB7600450B4F /* Release */ = {
			isa = XCBuildConfiguration;
			buildSettings = {
				ALWAYS_SEARCH_USER_PATHS = NO;
				CLANG_ANALYZER_NONNULL = YES;
				CLANG_CXX_LANGUAGE_STANDARD = "gnu++0x";
				CLANG_CXX_LIBRARY = "libc++";
				CLANG_ENABLE_MODULES = YES;
				CLANG_ENABLE_OBJC_ARC = YES;
				CLANG_WARN_BOOL_CONVERSION = YES;
				CLANG_WARN_CONSTANT_CONVERSION = YES;
				CLANG_WARN_DIRECT_OBJC_ISA_USAGE = YES_ERROR;
				CLANG_WARN_DOCUMENTATION_COMMENTS = YES;
				CLANG_WARN_EMPTY_BODY = YES;
				CLANG_WARN_ENUM_CONVERSION = YES;
				CLANG_WARN_INFINITE_RECURSION = YES;
				CLANG_WARN_INT_CONVERSION = YES;
				CLANG_WARN_OBJC_ROOT_CLASS = YES_ERROR;
				CLANG_WARN_SUSPICIOUS_MOVE = YES;
				CLANG_WARN_UNREACHABLE_CODE = YES;
				CLANG_WARN__DUPLICATE_METHOD_MATCH = YES;
				CODE_SIGN_IDENTITY = "-";
				COPY_PHASE_STRIP = NO;
				DEBUG_INFORMATION_FORMAT = "dwarf-with-dsym";
				ENABLE_NS_ASSERTIONS = NO;
				ENABLE_STRICT_OBJC_MSGSEND = YES;
				GCC_C_LANGUAGE_STANDARD = gnu99;
				GCC_NO_COMMON_BLOCKS = YES;
				GCC_WARN_64_TO_32_BIT_CONVERSION = YES;
				GCC_WARN_ABOUT_RETURN_TYPE = YES_ERROR;
				GCC_WARN_UNDECLARED_SELECTOR = YES;
				GCC_WARN_UNINITIALIZED_AUTOS = YES_AGGRESSIVE;
				GCC_WARN_UNUSED_FUNCTION = YES;
				GCC_WARN_UNUSED_VARIABLE = YES;
				MACOSX_DEPLOYMENT_TARGET = 10.12;
				MTL_ENABLE_DEBUG_INFO = NO;
				SDKROOT = macosx;
			};
			name = Release;
		};
		49C1C6CE1E14FB7600450B4F /* Debug */ = {
			isa = XCBuildConfiguration;
			buildSettings = {
				ASSETCATALOG_COMPILER_APPICON_NAME = AppIcon;
				COMBINE_HIDPI_IMAGES = YES;
				INFOPLIST_FILE = TestStausWindow/Info.plist;
				LD_RUNPATH_SEARCH_PATHS = "$(inherited) @executable_path/../Frameworks";
				PRODUCT_BUNDLE_IDENTIFIER = com.Melody5417..TestStausWindow;
				PRODUCT_NAME = "$(TARGET_NAME)";
			};
			name = Debug;
		};
		49C1C6CF1E14FB7600450B4F /* Release */ = {
			isa = XCBuildConfiguration;
			buildSettings = {
				ASSETCATALOG_COMPILER_APPICON_NAME = AppIcon;
				COMBINE_HIDPI_IMAGES = YES;
				INFOPLIST_FILE = TestStausWindow/Info.plist;
				LD_RUNPATH_SEARCH_PATHS = "$(inherited) @executable_path/../Frameworks";
				PRODUCT_BUNDLE_IDENTIFIER = com.Melody5417..TestStausWindow;
				PRODUCT_NAME = "$(TARGET_NAME)";
			};
			name = Release;
		};
/* End XCBuildConfiguration section */

/* Begin XCConfigurationList section */
		49C1C6B41E14FB7600450B4F /* Build configuration list for PBXProject "TestStausWindow" */ = {
			isa = XCConfigurationList;
			buildConfigurations = (
				49C1C6CB1E14FB7600450B4F /* Debug */,
				49C1C6CC1E14FB7600450B4F /* Release */,
			);
			defaultConfigurationIsVisible = 0;
			defaultConfigurationName = Release;
		};
		49C1C6CD1E14FB7600450B4F /* Build configuration list for PBXNativeTarget "TestStausWindow" */ = {
			isa = XCConfigurationList;
			buildConfigurations = (
				49C1C6CE1E14FB7600450B4F /* Debug */,
				49C1C6CF1E14FB7600450B4F /* Release */,
			);
			defaultConfigurationIsVisible = 0;
		};
/* End XCConfigurationList section */
	};
	rootObject = 49C1C6B11E14FB7600450B4F /* Project object */;
}
